<?xml version="1.0" encoding="utf-8"?>
<Project ToolsVersion="4.0" xmlns="http://schemas.microsoft.com/developer/msbuild/2003">
  <ItemGroup>
    <ClCompile Include="..\stasm4.1.0\stasm\MOD_1\facedet.cpp">
      <Filter>Source Files</Filter>
    </ClCompile>
    <ClCompile Include="..\stasm4.1.0\stasm\MOD_1\initasm.cpp">
      <Filter>Source Files</Filter>
    </ClCompile>
    <ClCompile Include="..\stasm4.1.0\stasm\asm.cpp">
      <Filter>Source Files</Filter>
    </ClCompile>
    <ClCompile Include="..\stasm4.1.0\stasm\classicdesc.cpp">
      <Filter>Source Files</Filter>
    </ClCompile>
    <ClCompile Include="..\stasm4.1.0\stasm\convshape.cpp">
      <Filter>Source Files</Filter>
    </ClCompile>
    <ClCompile Include="..\stasm4.1.0\stasm\err.cpp">
      <Filter>Source Files</Filter>
    </ClCompile>
    <ClCompile Include="..\stasm4.1.0\stasm\eyedet.cpp">
      <Filter>Source Files</Filter>
    </ClCompile>
    <ClCompile Include="..\stasm4.1.0\stasm\eyedist.cpp">
      <Filter>Source Files</Filter>
    </ClCompile>
    <ClCompile Include="..\stasm4.1.0\stasm\faceroi.cpp">
      <Filter>Source Files</Filter>
    </ClCompile>
    <ClCompile Include="..\stasm4.1.0\stasm\hat.cpp">
      <Filter>Source Files</Filter>
    </ClCompile>
    <ClCompile Include="..\stasm4.1.0\stasm\hatdesc.cpp">
      <Filter>Source Files</Filter>
    </ClCompile>
    <ClCompile Include="..\stasm4.1.0\stasm\landmarks.cpp">
      <Filter>Source Files</Filter>
    </ClCompile>
    <ClCompile Include="..\stasm4.1.0\stasm\misc.cpp">
      <Filter>Source Files</Filter>
    </ClCompile>
    <ClCompile Include="..\stasm4.1.0\stasm\pinstart.cpp">
      <Filter>Source Files</Filter>
    </ClCompile>
    <ClCompile Include="..\stasm4.1.0\stasm\print.cpp">
      <Filter>Source Files</Filter>
    </ClCompile>
    <ClCompile Include="..\stasm4.1.0\stasm\shape17.cpp">
      <Filter>Source Files</Filter>
    </ClCompile>
    <ClCompile Include="..\stasm4.1.0\stasm\shapehacks.cpp">
      <Filter>Source Files</Filter>
    </ClCompile>
    <ClCompile Include="..\stasm4.1.0\stasm\shapemod.cpp">
      <Filter>Source Files</Filter>
    </ClCompile>
    <ClCompile Include="..\stasm4.1.0\stasm\startshape.cpp">
      <Filter>Source Files</Filter>
    </ClCompile>
    <ClCompile Include="..\stasm4.1.0\stasm\stasm.cpp">
      <Filter>Source Files</Filter>
    </ClCompile>
    <ClCompile Include="..\stasm4.1.0\stasm\stasm_lib.cpp">
      <Filter>Source Files</Filter>
    </ClCompile>
  </ItemGroup>
  <ItemGroup>
    <CustomBuild Include="..\stasm4.1.0\CMakeLists.txt" />
  </ItemGroup>
  <ItemGroup>
    <Filter Include="Source Files">
      <UniqueIdentifier>{68E21A32-D6AC-428A-A607-43248A74B301}</UniqueIdentifier>
    </Filter>
  </ItemGroup>
</Project>
